
Microsoft Visual Studio Solution File, Format Version 12.00
Project("{FAE04EC0-301F-11D3-BF4B-00C04F79EFBC}") = "ProfilerLite", "ProfilerLite\ProfilerLite.csproj", "{E711AA4C-CE0E-4D7B-BD56-CA586D414B30}"
EndProject
Project("{FAE04EC0-301F-11D3-BF4B-00C04F79EFBC}") = "ProfilerLite.Core", "ProfilerLite.Core\ProfilerLite.Core.csproj", "{71A2B839-77A6-43D1-97AD-9CAC4A4FAD68}"
EndProject
Project("{2150E333-8FDC-42A3-9474-1A3956D46DE8}") = "Docker", "Docker", "{8D5663EA-547F-4E70-ACA3-BAC442088EA6}"
ProjectSection(SolutionItems) = preProject
	Dockerfile = Dockerfile
	.dockerignore = .dockerignore
EndProjectSection
EndProject
Global
	GlobalSection(SolutionConfigurationPlatforms) = preSolution
		Debug|Any CPU = Debug|Any CPU
		Release|Any CPU = Release|Any CPU
	EndGlobalSection
	GlobalSection(ProjectConfigurationPlatforms) = postSolution
		{E711AA4C-CE0E-4D7B-BD56-CA586D414B30}.Debug|Any CPU.ActiveCfg = Debug|Any CPU
		{E711AA4C-CE0E-4D7B-BD56-CA586D414B30}.Debug|Any CPU.Build.0 = Debug|Any CPU
		{E711AA4C-CE0E-4D7B-BD56-CA586D414B30}.Release|Any CPU.ActiveCfg = Release|Any CPU
		{E711AA4C-CE0E-4D7B-BD56-CA586D414B30}.Release|Any CPU.Build.0 = Release|Any CPU
		{71A2B839-77A6-43D1-97AD-9CAC4A4FAD68}.Debug|Any CPU.ActiveCfg = Debug|Any CPU
		{71A2B839-77A6-43D1-97AD-9CAC4A4FAD68}.Debug|Any CPU.Build.0 = Debug|Any CPU
		{71A2B839-77A6-43D1-97AD-9CAC4A4FAD68}.Release|Any CPU.ActiveCfg = Release|Any CPU
		{71A2B839-77A6-43D1-97AD-9CAC4A4FAD68}.Release|Any CPU.Build.0 = Release|Any CPU
	EndGlobalSection
EndGlobal
